
Microsoft Visual Studio Solution File, Format Version 12.00
# Visual Studio Version 16
VisualStudioVersion = 16.0.30011.22
MinimumVisualStudioVersion = 10.0.40219.1
Project("{9A19103F-16F7-4668-BE54-9A1E7A4F7556}") = "Lab5", "Lab5\Lab5.csproj", "{6A1E1BB0-FA3A-4570-8D2E-C61211567C29}"
EndProject
Project("{FAE04EC0-301F-11D3-BF4B-00C04F79EFBC}") = "Lab5.Tests", "Lab5.Tests\Lab5.Tests.csproj", "{E14F1D5D-998A-4C14-A169-2DBEB82D35D9}"
EndProject
Global
	GlobalSection(SolutionConfigurationPlatforms) = preSolution
		Debug|Any CPU = Debug|Any CPU
		Release|Any CPU = Release|Any CPU
	EndGlobalSection
	GlobalSection(ProjectConfigurationPlatforms) = postSolution
		{6A1E1BB0-FA3A-4570-8D2E-C61211567C29}.Debug|Any CPU.ActiveCfg = Debug|Any CPU
		{6A1E1BB0-FA3A-4570-8D2E-C61211567C29}.Debug|Any CPU.Build.0 = Debug|Any CPU
		{6A1E1BB0-FA3A-4570-8D2E-C61211567C29}.Release|Any CPU.ActiveCfg = Release|Any CPU
		{6A1E1BB0-FA3A-4570-8D2E-C61211567C29}.Release|Any CPU.Build.0 = Release|Any CPU
		{E14F1D5D-998A-4C14-A169-2DBEB82D35D9}.Debug|Any CPU.ActiveCfg = Debug|Any CPU
		{E14F1D5D-998A-4C14-A169-2DBEB82D35D9}.Debug|Any CPU.Build.0 = Debug|Any CPU
		{E14F1D5D-998A-4C14-A169-2DBEB82D35D9}.Release|Any CPU.ActiveCfg = Release|Any CPU
		{E14F1D5D-998A-4C14-A169-2DBEB82D35D9}.Release|Any CPU.Build.0 = Release|Any CPU
	EndGlobalSection
	GlobalSection(SolutionProperties) = preSolution
		HideSolutionNode = FALSE
	EndGlobalSection
	GlobalSection(ExtensibilityGlobals) = postSolution
		SolutionGuid = {A11B775A-4FFB-4C9C-AE86-8480025B490D}
	EndGlobalSection
EndGlobal
